
Microsoft Visual Studio Solution File, Format Version 12.00
# Visual Studio Version 17
VisualStudioVersion = 17.8.34511.84
MinimumVisualStudioVersion = 10.0.40219.1
Project("{9A19103F-16F7-4668-BE54-9A1E7A4F7556}") = "PiringPeduliWPF", "PiringPeduliWPF\PiringPeduliWPF.csproj", "{C904B0FA-BE9B-439A-AA84-83E06DC512B1}"
	ProjectSection(ProjectDependencies) = postProject
		{5052E798-43F9-443B-817C-6AB0452E1682} = {5052E798-43F9-443B-817C-6AB0452E1682}
	EndProjectSection
EndProject
Project("{9A19103F-16F7-4668-BE54-9A1E7A4F7556}") = "PiringPeduliClass", "PiringPeduliClass\PiringPeduliClass.csproj", "{5052E798-43F9-443B-817C-6AB0452E1682}"
EndProject
Global
	GlobalSection(SolutionConfigurationPlatforms) = preSolution
		Debug|Any CPU = Debug|Any CPU
		Release|Any CPU = Release|Any CPU
	EndGlobalSection
	GlobalSection(ProjectConfigurationPlatforms) = postSolution
		{C904B0FA-BE9B-439A-AA84-83E06DC512B1}.Debug|Any CPU.ActiveCfg = Debug|Any CPU
		{C904B0FA-BE9B-439A-AA84-83E06DC512B1}.Debug|Any CPU.Build.0 = Debug|Any CPU
		{C904B0FA-BE9B-439A-AA84-83E06DC512B1}.Release|Any CPU.ActiveCfg = Release|Any CPU
		{C904B0FA-BE9B-439A-AA84-83E06DC512B1}.Release|Any CPU.Build.0 = Release|Any CPU
		{5052E798-43F9-443B-817C-6AB0452E1682}.Debug|Any CPU.ActiveCfg = Debug|Any CPU
		{5052E798-43F9-443B-817C-6AB0452E1682}.Debug|Any CPU.Build.0 = Debug|Any CPU
		{5052E798-43F9-443B-817C-6AB0452E1682}.Release|Any CPU.ActiveCfg = Release|Any CPU
		{5052E798-43F9-443B-817C-6AB0452E1682}.Release|Any CPU.Build.0 = Release|Any CPU
	EndGlobalSection
	GlobalSection(SolutionProperties) = preSolution
		HideSolutionNode = FALSE
	EndGlobalSection
	GlobalSection(ExtensibilityGlobals) = postSolution
		SolutionGuid = {5467A566-CE22-431B-968E-F68C4CEE64DC}
	EndGlobalSection
EndGlobal
